// !$*UTF8*$!
{
	archiveVersion = 1;
	classes = {
	};
	objectVersion = 46;
	objects = {

/* Begin PBXBuildFile section */
		81091E6E1822E322007D5225 /* Images.xcassets in Resources */ = {isa = PBXBuildFile; fileRef = 81091E6D1822E321007D5225 /* Images.xcassets */; };
		81493B2418007F7C00A31655 /* Default-568h@2x.png in Resources */ = {isa = PBXBuildFile; fileRef = 81493B2318007F7C00A31655 /* Default-568h@2x.png */; };
		815EB91C189AC1F700AFC3A9 /* Splash Screen.jpg in Resources */ = {isa = PBXBuildFile; fileRef = 815EB91B189AC1F700AFC3A9 /* Splash Screen.jpg */; };
		81601CB31821ACFA00729FD9 /* MessageComposerViewController.m in Sources */ = {isa = PBXBuildFile; fileRef = 81601CB11821ACFA00729FD9 /* MessageComposerViewController.m */; };
		81601CB71821AD2D00729FD9 /* MessageUI.framework in Frameworks */ = {isa = PBXBuildFile; fileRef = 81601CB51821AD2D00729FD9 /* MessageUI.framework */; };
		81601CB81821AD2D00729FD9 /* Twitter.framework in Frameworks */ = {isa = PBXBuildFile; fileRef = 81601CB61821AD2D00729FD9 /* Twitter.framework */; };
		81601CBA1821AD5E00729FD9 /* AudioToolbox.framework in Frameworks */ = {isa = PBXBuildFile; fileRef = 81601CB91821AD5E00729FD9 /* AudioToolbox.framework */; };
		81601CBB1821E7B900729FD9 /* SocApp.entitlements in Resources */ = {isa = PBXBuildFile; fileRef = 81601CBD1821E7B900729FD9 /* SocApp.entitlements */; };
		8165BD07182AE7E800C44C40 /* CoreLocation.framework in Frameworks */ = {isa = PBXBuildFile; fileRef = 8165BD06182AE7E800C44C40 /* CoreLocation.framework */; };
		817D2E8F1804CDC000621B44 /* main.m in Sources */ = {isa = PBXBuildFile; fileRef = 817D2E8B1804CDC000621B44 /* main.m */; };
		817D2E911804CDC000621B44 /* InfoPlist.strings in Resources */ = {isa = PBXBuildFile; fileRef = 817D2E8E1804CDC000621B44 /* InfoPlist.strings */; };
		817D30D91804CF2A00621B44 /* app-bits_free_tabbar_icons in Resources */ = {isa = PBXBuildFile; fileRef = 817D30D81804CF2A00621B44 /* app-bits_free_tabbar_icons */; };
		818FCBC618AB08C3006DF0AA /* Social.framework in Frameworks */ = {isa = PBXBuildFile; fileRef = 818FCBC518AB08C3006DF0AA /* Social.framework */; };
		818FCBC818AB093F006DF0AA /* FacebookSDK.framework in Frameworks */ = {isa = PBXBuildFile; fileRef = 818FCBC718AB093F006DF0AA /* FacebookSDK.framework */; };
		818FCBD118AB0C43006DF0AA /* FBUserSettingsViewResources.bundle in Resources */ = {isa = PBXBuildFile; fileRef = 818FCBD018AB0C43006DF0AA /* FBUserSettingsViewResources.bundle */; };
		818FCBF218AB19A0006DF0AA /* login-button-small-pressed.png in Resources */ = {isa = PBXBuildFile; fileRef = 818FCBEE18AB19A0006DF0AA /* login-button-small-pressed.png */; };
		818FCBF318AB19A0006DF0AA /* login-button-small-pressed@2x.png in Resources */ = {isa = PBXBuildFile; fileRef = 818FCBEF18AB19A0006DF0AA /* login-button-small-pressed@2x.png */; };
		818FCBF418AB19A0006DF0AA /* login-button-small.png in Resources */ = {isa = PBXBuildFile; fileRef = 818FCBF018AB19A0006DF0AA /* login-button-small.png */; };
		818FCBF518AB19A0006DF0AA /* login-button-small@2x.png in Resources */ = {isa = PBXBuildFile; fileRef = 818FCBF118AB19A0006DF0AA /* login-button-small@2x.png */; };
		818FCBFA18AB1B1C006DF0AA /* LoginViewController.m in Sources */ = {isa = PBXBuildFile; fileRef = 818FCBF718AB1B1C006DF0AA /* LoginViewController.m */; };
		818FCBFB18AB1B1C006DF0AA /* UserDetailsViewController.m in Sources */ = {isa = PBXBuildFile; fileRef = 818FCBF918AB1B1C006DF0AA /* UserDetailsViewController.m */; };
		818FCBFD18AB1D94006DF0AA /* QuartzCore.framework in Frameworks */ = {isa = PBXBuildFile; fileRef = 818FCBFC18AB1D94006DF0AA /* QuartzCore.framework */; };
		818FCBFF18AB21FA006DF0AA /* Parse.framework in Frameworks */ = {isa = PBXBuildFile; fileRef = 818FCBFE18AB21FA006DF0AA /* Parse.framework */; };
		818FCC0118AB2325006DF0AA /* SystemConfiguration.framework in Frameworks */ = {isa = PBXBuildFile; fileRef = 818FCC0018AB2325006DF0AA /* SystemConfiguration.framework */; };
		818FCC0318AB237A006DF0AA /* Security.framework in Frameworks */ = {isa = PBXBuildFile; fileRef = 818FCC0218AB237A006DF0AA /* Security.framework */; };
		818FCC0518AB23A4006DF0AA /* StoreKit.framework in Frameworks */ = {isa = PBXBuildFile; fileRef = 818FCC0418AB23A4006DF0AA /* StoreKit.framework */; };
		818FCC0718AB23C0006DF0AA /* CFNetwork.framework in Frameworks */ = {isa = PBXBuildFile; fileRef = 818FCC0618AB23C0006DF0AA /* CFNetwork.framework */; };
		818FCC0918AB23E2006DF0AA /* MobileCoreServices.framework in Frameworks */ = {isa = PBXBuildFile; fileRef = 818FCC0818AB23E2006DF0AA /* MobileCoreServices.framework */; };
		81A9359618AC44690077BBD4 /* NewPostViewController.m in Sources */ = {isa = PBXBuildFile; fileRef = 81A9359518AC44690077BBD4 /* NewPostViewController.m */; };
		81A9359918AC45DD0077BBD4 /* BlogTableViewController.m in Sources */ = {isa = PBXBuildFile; fileRef = 81A9359818AC45DD0077BBD4 /* BlogTableViewController.m */; };
		81C723E918ABCB1600C438A8 /* SWRevealViewController.m in Sources */ = {isa = PBXBuildFile; fileRef = 81C723E818ABCB1600C438A8 /* SWRevealViewController.m */; };
		81CA00951800FD8400B6F605 /* AppDelegate.m in Sources */ = {isa = PBXBuildFile; fileRef = 81CA00841800FD8300B6F605 /* AppDelegate.m */; };
		81CA00971800FD8400B6F605 /* MainStoryboard.storyboard in Resources */ = {isa = PBXBuildFile; fileRef = 81CA00871800FD8300B6F605 /* MainStoryboard.storyboard */; };
		81CA00981800FD8400B6F605 /* LoginTableViewController.m in Sources */ = {isa = PBXBuildFile; fileRef = 81CA008A1800FD8300B6F605 /* LoginTableViewController.m */; };
		81CA009B1800FD8400B6F605 /* TrendViewController-Master.m in Sources */ = {isa = PBXBuildFile; fileRef = 81CA008F1800FD8400B6F605 /* TrendViewController-Master.m */; };
		81CA009E1800FD8400B6F605 /* ViewController.m in Sources */ = {isa = PBXBuildFile; fileRef = 81CA00941800FD8400B6F605 /* ViewController.m */; };
		81CA00A11801062800B6F605 /* TrendViewController-Detail.m in Sources */ = {isa = PBXBuildFile; fileRef = 81CA00A01801062800B6F605 /* TrendViewController-Detail.m */; };
		81CF87BC183C4E4400017F73 /* RootController.m in Sources */ = {isa = PBXBuildFile; fileRef = 81CF87BB183C4E4400017F73 /* RootController.m */; };
		81CF87BF183D8D1F00017F73 /* SelectImageViewController.m in Sources */ = {isa = PBXBuildFile; fileRef = 81CF87BE183D8D1F00017F73 /* SelectImageViewController.m */; };
		81CFF60418BAD5C100ED6218 /* CHANGELOG.md in Resources */ = {isa = PBXBuildFile; fileRef = 81CFF5F518BAD5C100ED6218 /* CHANGELOG.md */; };
		81CFF60518BAD5C100ED6218 /* Foursquare2.m in Sources */ = {isa = PBXBuildFile; fileRef = 81CFF5F718BAD5C100ED6218 /* Foursquare2.m */; };
		81CFF60618BAD5C100ED6218 /* FSKeychain.m in Sources */ = {isa = PBXBuildFile; fileRef = 81CFF5F918BAD5C100ED6218 /* FSKeychain.m */; };
		81CFF60718BAD5C100ED6218 /* FSOAuthNoAppStore.m in Sources */ = {isa = PBXBuildFile; fileRef = 81CFF5FB18BAD5C100ED6218 /* FSOAuthNoAppStore.m */; };
		81CFF60818BAD5C100ED6218 /* FSOperation.m in Sources */ = {isa = PBXBuildFile; fileRef = 81CFF5FD18BAD5C100ED6218 /* FSOperation.m */; };
		81CFF60918BAD5C100ED6218 /* FSWebLogin.m in Sources */ = {isa = PBXBuildFile; fileRef = 81CFF5FF18BAD5C100ED6218 /* FSWebLogin.m */; };
		81CFF60A18BAD5C100ED6218 /* FSWebLogin.xib in Resources */ = {isa = PBXBuildFile; fileRef = 81CFF60018BAD5C100ED6218 /* FSWebLogin.xib */; };
		81CFF60B18BAD5C100ED6218 /* pin@2x.png in Resources */ = {isa = PBXBuildFile; fileRef = 81CFF60118BAD5C100ED6218 /* pin@2x.png */; };
		81CFF60C18BAD5C100ED6218 /* poweredByFoursquare_gray.png in Resources */ = {isa = PBXBuildFile; fileRef = 81CFF60218BAD5C100ED6218 /* poweredByFoursquare_gray.png */; };
		81CFF60D18BAD5C100ED6218 /* poweredByFoursquare_gray@2x.png in Resources */ = {isa = PBXBuildFile; fileRef = 81CFF60318BAD5C100ED6218 /* poweredByFoursquare_gray@2x.png */; };
		81E7DCFA18B6FCF8003CE00A /* testimage@2x.png in Resources */ = {isa = PBXBuildFile; fileRef = 81E7DCF918B6FCF8003CE00A /* testimage@2x.png */; };
		EB439188157818DE00DE8E91 /* UIKit.framework in Frameworks */ = {isa = PBXBuildFile; fileRef = EB439187157818DE00DE8E91 /* UIKit.framework */; };
		EB43918A157818DE00DE8E91 /* Foundation.framework in Frameworks */ = {isa = PBXBuildFile; fileRef = EB439189157818DE00DE8E91 /* Foundation.framework */; };
		EB43918C157818DE00DE8E91 /* CoreGraphics.framework in Frameworks */ = {isa = PBXBuildFile; fileRef = EB43918B157818DE00DE8E91 /* CoreGraphics.framework */; };
/* End PBXBuildFile section */

/* Begin PBXFileReference section */
		81091E6D1822E321007D5225 /* Images.xcassets */ = {isa = PBXFileReference; lastKnownFileType = folder.assetcatalog; path = Images.xcassets; sourceTree = "<group>"; };
		81493B2318007F7C00A31655 /* Default-568h@2x.png */ = {isa = PBXFileReference; lastKnownFileType = image.png; path = "Default-568h@2x.png"; sourceTree = "<group>"; };
		815EB91B189AC1F700AFC3A9 /* Splash Screen.jpg */ = {isa = PBXFileReference; lastKnownFileType = image.jpeg; path = "Splash Screen.jpg"; sourceTree = SOURCE_ROOT; };
		81601CB01821ACFA00729FD9 /* MessageComposerViewController.h */ = {isa = PBXFileReference; fileEncoding = 4; lastKnownFileType = sourcecode.c.h; path = MessageComposerViewController.h; sourceTree = "<group>"; };
		81601CB11821ACFA00729FD9 /* MessageComposerViewController.m */ = {isa = PBXFileReference; fileEncoding = 4; lastKnownFileType = sourcecode.c.objc; path = MessageComposerViewController.m; sourceTree = "<group>"; };
		81601CB51821AD2D00729FD9 /* MessageUI.framework */ = {isa = PBXFileReference; lastKnownFileType = wrapper.framework; name = MessageUI.framework; path = System/Library/Frameworks/MessageUI.framework; sourceTree = SDKROOT; };
		81601CB61821AD2D00729FD9 /* Twitter.framework */ = {isa = PBXFileReference; lastKnownFileType = wrapper.framework; name = Twitter.framework; path = System/Library/Frameworks/Twitter.framework; sourceTree = SDKROOT; };
		81601CB91821AD5E00729FD9 /* AudioToolbox.framework */ = {isa = PBXFileReference; lastKnownFileType = wrapper.framework; name = AudioToolbox.framework; path = System/Library/Frameworks/AudioToolbox.framework; sourceTree = SDKROOT; };
		81601CBC1821E7B900729FD9 /* en */ = {isa = PBXFileReference; lastKnownFileType = text.xml; name = en; path = en.lproj/SocApp.entitlements; sourceTree = "<group>"; };
		8165BD06182AE7E800C44C40 /* CoreLocation.framework */ = {isa = PBXFileReference; lastKnownFileType = wrapper.framework; name = CoreLocation.framework; path = System/Library/Frameworks/CoreLocation.framework; sourceTree = SDKROOT; };
		817D2E8B1804CDC000621B44 /* main.m */ = {isa = PBXFileReference; fileEncoding = 4; lastKnownFileType = sourcecode.c.objc; name = main.m; path = SocApp/main.m; sourceTree = SOURCE_ROOT; };
		817D2E8C1804CDC000621B44 /* SocApp-Info.plist */ = {isa = PBXFileReference; fileEncoding = 4; lastKnownFileType = text.plist.xml; name = "SocApp-Info.plist"; path = "SocApp/SocApp-Info.plist"; sourceTree = SOURCE_ROOT; };
		817D2E8D1804CDC000621B44 /* SocApp-Prefix.pch */ = {isa = PBXFileReference; fileEncoding = 4; lastKnownFileType = sourcecode.c.h; name = "SocApp-Prefix.pch"; path = "SocApp/SocApp-Prefix.pch"; sourceTree = SOURCE_ROOT; };
		817D2E8E1804CDC000621B44 /* InfoPlist.strings */ = {isa = PBXFileReference; fileEncoding = 4; lastKnownFileType = text.plist.strings; name = InfoPlist.strings; path = SocApp/InfoPlist.strings; sourceTree = SOURCE_ROOT; };
		817D30D81804CF2A00621B44 /* app-bits_free_tabbar_icons */ = {isa = PBXFileReference; lastKnownFileType = folder; path = "app-bits_free_tabbar_icons"; sourceTree = SOURCE_ROOT; };
		818FCBC518AB08C3006DF0AA /* Social.framework */ = {isa = PBXFileReference; lastKnownFileType = wrapper.framework; name = Social.framework; path = System/Library/Frameworks/Social.framework; sourceTree = SDKROOT; };
		818FCBC718AB093F006DF0AA /* FacebookSDK.framework */ = {isa = PBXFileReference; lastKnownFileType = wrapper.framework; path = FacebookSDK.framework; sourceTree = "<group>"; };
		818FCBD018AB0C43006DF0AA /* FBUserSettingsViewResources.bundle */ = {isa = PBXFileReference; lastKnownFileType = "wrapper.plug-in"; path = FBUserSettingsViewResources.bundle; sourceTree = "<group>"; };
		818FCBEE18AB19A0006DF0AA /* login-button-small-pressed.png */ = {isa = PBXFileReference; lastKnownFileType = image.png; path = "login-button-small-pressed.png"; sourceTree = SOURCE_ROOT; };
		818FCBEF18AB19A0006DF0AA /* login-button-small-pressed@2x.png */ = {isa = PBXFileReference; lastKnownFileType = image.png; path = "login-button-small-pressed@2x.png"; sourceTree = SOURCE_ROOT; };
		818FCBF018AB19A0006DF0AA /* login-button-small.png */ = {isa = PBXFileReference; lastKnownFileType = image.png; path = "login-button-small.png"; sourceTree = SOURCE_ROOT; };
		818FCBF118AB19A0006DF0AA /* login-button-small@2x.png */ = {isa = PBXFileReference; lastKnownFileType = image.png; path = "login-button-small@2x.png"; sourceTree = SOURCE_ROOT; };
		818FCBF618AB1B1C006DF0AA /* LoginViewController.h */ = {isa = PBXFileReference; fileEncoding = 4; lastKnownFileType = sourcecode.c.h; path = LoginViewController.h; sourceTree = "<group>"; };
		818FCBF718AB1B1C006DF0AA /* LoginViewController.m */ = {isa = PBXFileReference; fileEncoding = 4; lastKnownFileType = sourcecode.c.objc; path = LoginViewController.m; sourceTree = "<group>"; };
		818FCBF818AB1B1C006DF0AA /* UserDetailsViewController.h */ = {isa = PBXFileReference; fileEncoding = 4; lastKnownFileType = sourcecode.c.h; path = UserDetailsViewController.h; sourceTree = "<group>"; };
		818FCBF918AB1B1C006DF0AA /* UserDetailsViewController.m */ = {isa = PBXFileReference; fileEncoding = 4; lastKnownFileType = sourcecode.c.objc; path = UserDetailsViewController.m; sourceTree = "<group>"; };
		818FCBFC18AB1D94006DF0AA /* QuartzCore.framework */ = {isa = PBXFileReference; lastKnownFileType = wrapper.framework; name = QuartzCore.framework; path = System/Library/Frameworks/QuartzCore.framework; sourceTree = SDKROOT; };
		818FCBFE18AB21FA006DF0AA /* Parse.framework */ = {isa = PBXFileReference; lastKnownFileType = wrapper.framework; path = Parse.framework; sourceTree = "<group>"; };
		818FCC0018AB2325006DF0AA /* SystemConfiguration.framework */ = {isa = PBXFileReference; lastKnownFileType = wrapper.framework; name = SystemConfiguration.framework; path = System/Library/Frameworks/SystemConfiguration.framework; sourceTree = SDKROOT; };
		818FCC0218AB237A006DF0AA /* Security.framework */ = {isa = PBXFileReference; lastKnownFileType = wrapper.framework; name = Security.framework; path = System/Library/Frameworks/Security.framework; sourceTree = SDKROOT; };
		818FCC0418AB23A4006DF0AA /* StoreKit.framework */ = {isa = PBXFileReference; lastKnownFileType = wrapper.framework; name = StoreKit.framework; path = System/Library/Frameworks/StoreKit.framework; sourceTree = SDKROOT; };
		818FCC0618AB23C0006DF0AA /* CFNetwork.framework */ = {isa = PBXFileReference; lastKnownFileType = wrapper.framework; name = CFNetwork.framework; path = System/Library/Frameworks/CFNetwork.framework; sourceTree = SDKROOT; };
		818FCC0818AB23E2006DF0AA /* MobileCoreServices.framework */ = {isa = PBXFileReference; lastKnownFileType = wrapper.framework; name = MobileCoreServices.framework; path = System/Library/Frameworks/MobileCoreServices.framework; sourceTree = SDKROOT; };
		81A9359418AC44690077BBD4 /* NewPostViewController.h */ = {isa = PBXFileReference; fileEncoding = 4; lastKnownFileType = sourcecode.c.h; path = NewPostViewController.h; sourceTree = "<group>"; };
		81A9359518AC44690077BBD4 /* NewPostViewController.m */ = {isa = PBXFileReference; fileEncoding = 4; lastKnownFileType = sourcecode.c.objc; path = NewPostViewController.m; sourceTree = "<group>"; };
		81A9359718AC45DD0077BBD4 /* BlogTableViewController.h */ = {isa = PBXFileReference; fileEncoding = 4; lastKnownFileType = sourcecode.c.h; path = BlogTableViewController.h; sourceTree = "<group>"; };
		81A9359818AC45DD0077BBD4 /* BlogTableViewController.m */ = {isa = PBXFileReference; fileEncoding = 4; lastKnownFileType = sourcecode.c.objc; path = BlogTableViewController.m; sourceTree = "<group>"; };
		81C723E718ABCB1600C438A8 /* SWRevealViewController.h */ = {isa = PBXFileReference; fileEncoding = 4; lastKnownFileType = sourcecode.c.h; path = SWRevealViewController.h; sourceTree = "<group>"; };
		81C723E818ABCB1600C438A8 /* SWRevealViewController.m */ = {isa = PBXFileReference; fileEncoding = 4; lastKnownFileType = sourcecode.c.objc; path = SWRevealViewController.m; sourceTree = "<group>"; };
		81CA00831800FD8300B6F605 /* AppDelegate.h */ = {isa = PBXFileReference; fileEncoding = 4; lastKnownFileType = sourcecode.c.h; path = AppDelegate.h; sourceTree = "<group>"; };
		81CA00841800FD8300B6F605 /* AppDelegate.m */ = {isa = PBXFileReference; fileEncoding = 4; lastKnownFileType = sourcecode.c.objc; path = AppDelegate.m; sourceTree = "<group>"; };
		81CA00881800FD8300B6F605 /* en */ = {isa = PBXFileReference; lastKnownFileType = file.storyboard; name = en; path = en.lproj/MainStoryboard.storyboard; sourceTree = "<group>"; };
		81CA00891800FD8300B6F605 /* LoginTableViewController.h */ = {isa = PBXFileReference; fileEncoding = 4; lastKnownFileType = sourcecode.c.h; path = LoginTableViewController.h; sourceTree = "<group>"; };
		81CA008A1800FD8300B6F605 /* LoginTableViewController.m */ = {isa = PBXFileReference; fileEncoding = 4; lastKnownFileType = sourcecode.c.objc; path = LoginTableViewController.m; sourceTree = "<group>"; };
		81CA008E1800FD8400B6F605 /* TrendViewController-Master.h */ = {isa = PBXFileReference; fileEncoding = 4; lastKnownFileType = sourcecode.c.h; path = "TrendViewController-Master.h"; sourceTree = "<group>"; };
		81CA008F1800FD8400B6F605 /* TrendViewController-Master.m */ = {isa = PBXFileReference; fileEncoding = 4; lastKnownFileType = sourcecode.c.objc; path = "TrendViewController-Master.m"; sourceTree = "<group>"; };
		81CA00931800FD8400B6F605 /* ViewController.h */ = {isa = PBXFileReference; fileEncoding = 4; lastKnownFileType = sourcecode.c.h; path = ViewController.h; sourceTree = "<group>"; };
		81CA00941800FD8400B6F605 /* ViewController.m */ = {isa = PBXFileReference; fileEncoding = 4; lastKnownFileType = sourcecode.c.objc; path = ViewController.m; sourceTree = "<group>"; };
		81CA009F1801062800B6F605 /* TrendViewController-Detail.h */ = {isa = PBXFileReference; fileEncoding = 4; lastKnownFileType = sourcecode.c.h; path = "TrendViewController-Detail.h"; sourceTree = "<group>"; };
		81CA00A01801062800B6F605 /* TrendViewController-Detail.m */ = {isa = PBXFileReference; fileEncoding = 4; lastKnownFileType = sourcecode.c.objc; path = "TrendViewController-Detail.m"; sourceTree = "<group>"; };
		81CF87BA183C4E4400017F73 /* RootController.h */ = {isa = PBXFileReference; fileEncoding = 4; lastKnownFileType = sourcecode.c.h; path = RootController.h; sourceTree = "<group>"; };
		81CF87BB183C4E4400017F73 /* RootController.m */ = {isa = PBXFileReference; fileEncoding = 4; lastKnownFileType = sourcecode.c.objc; path = RootController.m; sourceTree = "<group>"; };
		81CF87BD183D8D1F00017F73 /* SelectImageViewController.h */ = {isa = PBXFileReference; fileEncoding = 4; lastKnownFileType = sourcecode.c.h; path = SelectImageViewController.h; sourceTree = "<group>"; };
		81CF87BE183D8D1F00017F73 /* SelectImageViewController.m */ = {isa = PBXFileReference; fileEncoding = 4; lastKnownFileType = sourcecode.c.objc; path = SelectImageViewController.m; sourceTree = "<group>"; };
		81CFF5F518BAD5C100ED6218 /* CHANGELOG.md */ = {isa = PBXFileReference; fileEncoding = 4; lastKnownFileType = text; path = CHANGELOG.md; sourceTree = "<group>"; };
		81CFF5F618BAD5C100ED6218 /* Foursquare2.h */ = {isa = PBXFileReference; fileEncoding = 4; lastKnownFileType = sourcecode.c.h; path = Foursquare2.h; sourceTree = "<group>"; };
		81CFF5F718BAD5C100ED6218 /* Foursquare2.m */ = {isa = PBXFileReference; fileEncoding = 4; lastKnownFileType = sourcecode.c.objc; path = Foursquare2.m; sourceTree = "<group>"; };
		81CFF5F818BAD5C100ED6218 /* FSKeychain.h */ = {isa = PBXFileReference; fileEncoding = 4; lastKnownFileType = sourcecode.c.h; path = FSKeychain.h; sourceTree = "<group>"; };
		81CFF5F918BAD5C100ED6218 /* FSKeychain.m */ = {isa = PBXFileReference; fileEncoding = 4; lastKnownFileType = sourcecode.c.objc; path = FSKeychain.m; sourceTree = "<group>"; };
		81CFF5FA18BAD5C100ED6218 /* FSOAuthNoAppStore.h */ = {isa = PBXFileReference; fileEncoding = 4; lastKnownFileType = sourcecode.c.h; path = FSOAuthNoAppStore.h; sourceTree = "<group>"; };
		81CFF5FB18BAD5C100ED6218 /* FSOAuthNoAppStore.m */ = {isa = PBXFileReference; fileEncoding = 4; lastKnownFileType = sourcecode.c.objc; path = FSOAuthNoAppStore.m; sourceTree = "<group>"; };
		81CFF5FC18BAD5C100ED6218 /* FSOperation.h */ = {isa = PBXFileReference; fileEncoding = 4; lastKnownFileType = sourcecode.c.h; path = FSOperation.h; sourceTree = "<group>"; };
		81CFF5FD18BAD5C100ED6218 /* FSOperation.m */ = {isa = PBXFileReference; fileEncoding = 4; lastKnownFileType = sourcecode.c.objc; path = FSOperation.m; sourceTree = "<group>"; };
		81CFF5FE18BAD5C100ED6218 /* FSWebLogin.h */ = {isa = PBXFileReference; fileEncoding = 4; lastKnownFileType = sourcecode.c.h; path = FSWebLogin.h; sourceTree = "<group>"; };
		81CFF5FF18BAD5C100ED6218 /* FSWebLogin.m */ = {isa = PBXFileReference; fileEncoding = 4; lastKnownFileType = sourcecode.c.objc; path = FSWebLogin.m; sourceTree = "<group>"; };
		81CFF60018BAD5C100ED6218 /* FSWebLogin.xib */ = {isa = PBXFileReference; fileEncoding = 4; lastKnownFileType = file.xib; path = FSWebLogin.xib; sourceTree = "<group>"; };
		81CFF60118BAD5C100ED6218 /* pin@2x.png */ = {isa = PBXFileReference; lastKnownFileType = image.png; path = "pin@2x.png"; sourceTree = "<group>"; };
		81CFF60218BAD5C100ED6218 /* poweredByFoursquare_gray.png */ = {isa = PBXFileReference; lastKnownFileType = image.png; path = poweredByFoursquare_gray.png; sourceTree = "<group>"; };
		81CFF60318BAD5C100ED6218 /* poweredByFoursquare_gray@2x.png */ = {isa = PBXFileReference; lastKnownFileType = image.png; path = "poweredByFoursquare_gray@2x.png"; sourceTree = "<group>"; };
		81E7DCF918B6FCF8003CE00A /* testimage@2x.png */ = {isa = PBXFileReference; lastKnownFileType = image.png; path = "testimage@2x.png"; sourceTree = SOURCE_ROOT; };
		EB439183157818DE00DE8E91 /* SocApp.app */ = {isa = PBXFileReference; explicitFileType = wrapper.application; includeInIndex = 0; path = SocApp.app; sourceTree = BUILT_PRODUCTS_DIR; };
		EB439187157818DE00DE8E91 /* UIKit.framework */ = {isa = PBXFileReference; lastKnownFileType = wrapper.framework; name = UIKit.framework; path = System/Library/Frameworks/UIKit.framework; sourceTree = SDKROOT; };
		EB439189157818DE00DE8E91 /* Foundation.framework */ = {isa = PBXFileReference; lastKnownFileType = wrapper.framework; name = Foundation.framework; path = System/Library/Frameworks/Foundation.framework; sourceTree = SDKROOT; };
		EB43918B157818DE00DE8E91 /* CoreGraphics.framework */ = {isa = PBXFileReference; lastKnownFileType = wrapper.framework; name = CoreGraphics.framework; path = System/Library/Frameworks/CoreGraphics.framework; sourceTree = SDKROOT; };
/* End PBXFileReference section */

/* Begin PBXFrameworksBuildPhase section */
		EB439180157818DE00DE8E91 /* Frameworks */ = {
			isa = PBXFrameworksBuildPhase;
			buildActionMask = 2147483647;
			files = (
				818FCC0918AB23E2006DF0AA /* MobileCoreServices.framework in Frameworks */,
				818FCC0718AB23C0006DF0AA /* CFNetwork.framework in Frameworks */,
				818FCC0518AB23A4006DF0AA /* StoreKit.framework in Frameworks */,
				818FCC0318AB237A006DF0AA /* Security.framework in Frameworks */,
				818FCC0118AB2325006DF0AA /* SystemConfiguration.framework in Frameworks */,
				818FCBFD18AB1D94006DF0AA /* QuartzCore.framework in Frameworks */,
				818FCBC818AB093F006DF0AA /* FacebookSDK.framework in Frameworks */,
				818FCBC618AB08C3006DF0AA /* Social.framework in Frameworks */,
				8165BD07182AE7E800C44C40 /* CoreLocation.framework in Frameworks */,
				81601CB71821AD2D00729FD9 /* MessageUI.framework in Frameworks */,
				81601CB81821AD2D00729FD9 /* Twitter.framework in Frameworks */,
				EB439188157818DE00DE8E91 /* UIKit.framework in Frameworks */,
				EB43918A157818DE00DE8E91 /* Foundation.framework in Frameworks */,
				EB43918C157818DE00DE8E91 /* CoreGraphics.framework in Frameworks */,
				818FCBFF18AB21FA006DF0AA /* Parse.framework in Frameworks */,
				81601CBA1821AD5E00729FD9 /* AudioToolbox.framework in Frameworks */,
			);
			runOnlyForDeploymentPostprocessing = 0;
		};
/* End PBXFrameworksBuildPhase section */

/* Begin PBXGroup section */
		815EB91E189AC22300AFC3A9 /* Images and buttons */ = {
			isa = PBXGroup;
			children = (
				81E7DCF918B6FCF8003CE00A /* testimage@2x.png */,
				818FCBEE18AB19A0006DF0AA /* login-button-small-pressed.png */,
				818FCBEF18AB19A0006DF0AA /* login-button-small-pressed@2x.png */,
				818FCBF018AB19A0006DF0AA /* login-button-small.png */,
				818FCBF118AB19A0006DF0AA /* login-button-small@2x.png */,
				815EB91B189AC1F700AFC3A9 /* Splash Screen.jpg */,
			);
			name = "Images and buttons";
			sourceTree = "<group>";
		};
		81A9359A18AC481C0077BBD4 /* News feed classes  */ = {
			isa = PBXGroup;
			children = (
				81A9359418AC44690077BBD4 /* NewPostViewController.h */,
				81A9359518AC44690077BBD4 /* NewPostViewController.m */,
				81A9359718AC45DD0077BBD4 /* BlogTableViewController.h */,
				81A9359818AC45DD0077BBD4 /* BlogTableViewController.m */,
			);
			name = "News feed classes ";
			sourceTree = "<group>";
		};
		81A9359B18AC483E0077BBD4 /* Basic Use classes  */ = {
			isa = PBXGroup;
			children = (
				81CF87BA183C4E4400017F73 /* RootController.h */,
				81CF87BB183C4E4400017F73 /* RootController.m */,
				81CA00931800FD8400B6F605 /* ViewController.h */,
				81CA00941800FD8400B6F605 /* ViewController.m */,
			);
			name = "Basic Use classes ";
			sourceTree = "<group>";
		};
		81A9359C18AC485F0077BBD4 /* Upload classes  */ = {
			isa = PBXGroup;
			children = (
				81CA008E1800FD8400B6F605 /* TrendViewController-Master.h */,
				81CA008F1800FD8400B6F605 /* TrendViewController-Master.m */,
				81CA009F1801062800B6F605 /* TrendViewController-Detail.h */,
				81CA00A01801062800B6F605 /* TrendViewController-Detail.m */,
				81601CB01821ACFA00729FD9 /* MessageComposerViewController.h */,
				81601CB11821ACFA00729FD9 /* MessageComposerViewController.m */,
				81CF87BD183D8D1F00017F73 /* SelectImageViewController.h */,
				81CF87BE183D8D1F00017F73 /* SelectImageViewController.m */,
			);
			name = "Upload classes ";
			sourceTree = "<group>";
		};
		81C723E418ABCA7800C438A8 /* Delegate */ = {
			isa = PBXGroup;
			children = (
				81CA00831800FD8300B6F605 /* AppDelegate.h */,
				81CA00841800FD8300B6F605 /* AppDelegate.m */,
			);
			name = Delegate;
			sourceTree = "<group>";
		};
		81C723E518ABCAA800C438A8 /* LoginViewControllers */ = {
			isa = PBXGroup;
			children = (
				81CA00891800FD8300B6F605 /* LoginTableViewController.h */,
				81CA008A1800FD8300B6F605 /* LoginTableViewController.m */,
				818FCBF618AB1B1C006DF0AA /* LoginViewController.h */,
				818FCBF718AB1B1C006DF0AA /* LoginViewController.m */,
				818FCBF818AB1B1C006DF0AA /* UserDetailsViewController.h */,
				818FCBF918AB1B1C006DF0AA /* UserDetailsViewController.m */,
			);
			name = LoginViewControllers;
			sourceTree = "<group>";
		};
		81C723E618ABCAC800C438A8 /* Library */ = {
			isa = PBXGroup;
			children = (
				81C723E718ABCB1600C438A8 /* SWRevealViewController.h */,
				81C723E818ABCB1600C438A8 /* SWRevealViewController.m */,
			);
			name = Library;
			sourceTree = "<group>";
		};
		81CA00821800FD8300B6F605 /* SocApp */ = {
			isa = PBXGroup;
			children = (
				81601CBD1821E7B900729FD9 /* SocApp.entitlements */,
				81C723E418ABCA7800C438A8 /* Delegate */,
				81A9359B18AC483E0077BBD4 /* Basic Use classes  */,
				81CA00871800FD8300B6F605 /* MainStoryboard.storyboard */,
				81CFF5F418BAD5C100ED6218 /* Foursquare2 */,
				81A9359A18AC481C0077BBD4 /* News feed classes  */,
				81C723E518ABCAA800C438A8 /* LoginViewControllers */,
				81A9359C18AC485F0077BBD4 /* Upload classes  */,
				81C723E618ABCAC800C438A8 /* Library */,
				81091E6D1822E321007D5225 /* Images.xcassets */,
				EB43918E157818DE00DE8E91 /* Supporting Files */,
			);
			path = SocApp;
			sourceTree = SOURCE_ROOT;
		};
		81CFF5F418BAD5C100ED6218 /* Foursquare2 */ = {
			isa = PBXGroup;
			children = (
				81CFF5F518BAD5C100ED6218 /* CHANGELOG.md */,
				81CFF5F618BAD5C100ED6218 /* Foursquare2.h */,
				81CFF5F718BAD5C100ED6218 /* Foursquare2.m */,
				81CFF5F818BAD5C100ED6218 /* FSKeychain.h */,
				81CFF5F918BAD5C100ED6218 /* FSKeychain.m */,
				81CFF5FA18BAD5C100ED6218 /* FSOAuthNoAppStore.h */,
				81CFF5FB18BAD5C100ED6218 /* FSOAuthNoAppStore.m */,
				81CFF5FC18BAD5C100ED6218 /* FSOperation.h */,
				81CFF5FD18BAD5C100ED6218 /* FSOperation.m */,
				81CFF5FE18BAD5C100ED6218 /* FSWebLogin.h */,
				81CFF5FF18BAD5C100ED6218 /* FSWebLogin.m */,
				81CFF60018BAD5C100ED6218 /* FSWebLogin.xib */,
				81CFF60118BAD5C100ED6218 /* pin@2x.png */,
				81CFF60218BAD5C100ED6218 /* poweredByFoursquare_gray.png */,
				81CFF60318BAD5C100ED6218 /* poweredByFoursquare_gray@2x.png */,
			);
			path = Foursquare2;
			sourceTree = "<group>";
		};
		EB439178157818DE00DE8E91 = {
			isa = PBXGroup;
			children = (
				81493B2318007F7C00A31655 /* Default-568h@2x.png */,
				81CA00821800FD8300B6F605 /* SocApp */,
				EB439186157818DE00DE8E91 /* Frameworks */,
				EB439184157818DE00DE8E91 /* Products */,
			);
			sourceTree = "<group>";
		};
		EB439184157818DE00DE8E91 /* Products */ = {
			isa = PBXGroup;
			children = (
				EB439183157818DE00DE8E91 /* SocApp.app */,
			);
			name = Products;
			sourceTree = "<group>";
		};
		EB439186157818DE00DE8E91 /* Frameworks */ = {
			isa = PBXGroup;
			children = (
				818FCC0818AB23E2006DF0AA /* MobileCoreServices.framework */,
				818FCC0618AB23C0006DF0AA /* CFNetwork.framework */,
				818FCC0418AB23A4006DF0AA /* StoreKit.framework */,
				818FCC0218AB237A006DF0AA /* Security.framework */,
				818FCC0018AB2325006DF0AA /* SystemConfiguration.framework */,
				818FCBFE18AB21FA006DF0AA /* Parse.framework */,
				818FCBFC18AB1D94006DF0AA /* QuartzCore.framework */,
				818FCBD018AB0C43006DF0AA /* FBUserSettingsViewResources.bundle */,
				818FCBC718AB093F006DF0AA /* FacebookSDK.framework */,
				818FCBC518AB08C3006DF0AA /* Social.framework */,
				8165BD06182AE7E800C44C40 /* CoreLocation.framework */,
				81601CB91821AD5E00729FD9 /* AudioToolbox.framework */,
				81601CB51821AD2D00729FD9 /* MessageUI.framework */,
				81601CB61821AD2D00729FD9 /* Twitter.framework */,
				EB439187157818DE00DE8E91 /* UIKit.framework */,
				EB439189157818DE00DE8E91 /* Foundation.framework */,
				EB43918B157818DE00DE8E91 /* CoreGraphics.framework */,
			);
			name = Frameworks;
			sourceTree = "<group>";
		};
		EB43918E157818DE00DE8E91 /* Supporting Files */ = {
			isa = PBXGroup;
			children = (
				815EB91E189AC22300AFC3A9 /* Images and buttons */,
				817D30D81804CF2A00621B44 /* app-bits_free_tabbar_icons */,
				817D2E8B1804CDC000621B44 /* main.m */,
				817D2E8C1804CDC000621B44 /* SocApp-Info.plist */,
				817D2E8D1804CDC000621B44 /* SocApp-Prefix.pch */,
				817D2E8E1804CDC000621B44 /* InfoPlist.strings */,
			);
			name = "Supporting Files";
			path = ../MyFirstLoginApp;
			sourceTree = "<group>";
		};
/* End PBXGroup section */

/* Begin PBXNativeTarget section */
		EB439182157818DE00DE8E91 /* SocApp */ = {
			isa = PBXNativeTarget;
			buildConfigurationList = EB4391A1157818DE00DE8E91 /* Build configuration list for PBXNativeTarget "SocApp" */;
			buildPhases = (
				EB43917F157818DE00DE8E91 /* Sources */,
				EB439180157818DE00DE8E91 /* Frameworks */,
				EB439181157818DE00DE8E91 /* Resources */,
			);
			buildRules = (
			);
			dependencies = (
			);
			name = SocApp;
			productName = MyFirstLoginApp;
			productReference = EB439183157818DE00DE8E91 /* SocApp.app */;
			productType = "com.apple.product-type.application";
		};
/* End PBXNativeTarget section */

/* Begin PBXProject section */
		EB43917A157818DE00DE8E91 /* Project object */ = {
			isa = PBXProject;
			attributes = {
				LastUpgradeCheck = 0500;
				TargetAttributes = {
					EB439182157818DE00DE8E91 = {
						DevelopmentTeam = 9F866Y9W65;
					};
				};
			};
			buildConfigurationList = EB43917D157818DE00DE8E91 /* Build configuration list for PBXProject "SocApp" */;
			compatibilityVersion = "Xcode 3.2";
			developmentRegion = English;
			hasScannedForEncodings = 0;
			knownRegions = (
				en,
			);
			mainGroup = EB439178157818DE00DE8E91;
			productRefGroup = EB439184157818DE00DE8E91 /* Products */;
			projectDirPath = "";
			projectRoot = "";
			targets = (
				EB439182157818DE00DE8E91 /* SocApp */,
			);
		};
/* End PBXProject section */

/* Begin PBXResourcesBuildPhase section */
		EB439181157818DE00DE8E91 /* Resources */ = {
			isa = PBXResourcesBuildPhase;
			buildActionMask = 2147483647;
			files = (
				81CFF60A18BAD5C100ED6218 /* FSWebLogin.xib in Resources */,
				818FCBD118AB0C43006DF0AA /* FBUserSettingsViewResources.bundle in Resources */,
				818FCBF418AB19A0006DF0AA /* login-button-small.png in Resources */,
				817D30D91804CF2A00621B44 /* app-bits_free_tabbar_icons in Resources */,
				818FCBF518AB19A0006DF0AA /* login-button-small@2x.png in Resources */,
				81CA00971800FD8400B6F605 /* MainStoryboard.storyboard in Resources */,
				81CFF60418BAD5C100ED6218 /* CHANGELOG.md in Resources */,
				81091E6E1822E322007D5225 /* Images.xcassets in Resources */,
				81CFF60C18BAD5C100ED6218 /* poweredByFoursquare_gray.png in Resources */,
				818FCBF218AB19A0006DF0AA /* login-button-small-pressed.png in Resources */,
				81601CBB1821E7B900729FD9 /* SocApp.entitlements in Resources */,
				815EB91C189AC1F700AFC3A9 /* Splash Screen.jpg in Resources */,
				81CFF60D18BAD5C100ED6218 /* poweredByFoursquare_gray@2x.png in Resources */,
				81E7DCFA18B6FCF8003CE00A /* testimage@2x.png in Resources */,
				817D2E911804CDC000621B44 /* InfoPlist.strings in Resources */,
				81493B2418007F7C00A31655 /* Default-568h@2x.png in Resources */,
				81CFF60B18BAD5C100ED6218 /* pin@2x.png in Resources */,
				818FCBF318AB19A0006DF0AA /* login-button-small-pressed@2x.png in Resources */,
			);
			runOnlyForDeploymentPostprocessing = 0;
		};
/* End PBXResourcesBuildPhase section */

/* Begin PBXSourcesBuildPhase section */
		EB43917F157818DE00DE8E91 /* Sources */ = {
			isa = PBXSourcesBuildPhase;
			buildActionMask = 2147483647;
			files = (
				81CFF60818BAD5C100ED6218 /* FSOperation.m in Sources */,
				81CA009B1800FD8400B6F605 /* TrendViewController-Master.m in Sources */,
				81CA00981800FD8400B6F605 /* LoginTableViewController.m in Sources */,
				81601CB31821ACFA00729FD9 /* MessageComposerViewController.m in Sources */,
				81CF87BC183C4E4400017F73 /* RootController.m in Sources */,
				81A9359618AC44690077BBD4 /* NewPostViewController.m in Sources */,
				818FCBFA18AB1B1C006DF0AA /* LoginViewController.m in Sources */,
				81CFF60518BAD5C100ED6218 /* Foursquare2.m in Sources */,
				81CA009E1800FD8400B6F605 /* ViewController.m in Sources */,
				81CF87BF183D8D1F00017F73 /* SelectImageViewController.m in Sources */,
				81CA00A11801062800B6F605 /* TrendViewController-Detail.m in Sources */,
				818FCBFB18AB1B1C006DF0AA /* UserDetailsViewController.m in Sources */,
				817D2E8F1804CDC000621B44 /* main.m in Sources */,
				81CFF60718BAD5C100ED6218 /* FSOAuthNoAppStore.m in Sources */,
				81CFF60618BAD5C100ED6218 /* FSKeychain.m in Sources */,
				81A9359918AC45DD0077BBD4 /* BlogTableViewController.m in Sources */,
				81CFF60918BAD5C100ED6218 /* FSWebLogin.m in Sources */,
				81CA00951800FD8400B6F605 /* AppDelegate.m in Sources */,
				81C723E918ABCB1600C438A8 /* SWRevealViewController.m in Sources */,
			);
			runOnlyForDeploymentPostprocessing = 0;
		};
/* End PBXSourcesBuildPhase section */

/* Begin PBXVariantGroup section */
		81601CBD1821E7B900729FD9 /* SocApp.entitlements */ = {
			isa = PBXVariantGroup;
			children = (
				81601CBC1821E7B900729FD9 /* en */,
			);
			name = SocApp.entitlements;
			sourceTree = "<group>";
		};
		81CA00871800FD8300B6F605 /* MainStoryboard.storyboard */ = {
			isa = PBXVariantGroup;
			children = (
				81CA00881800FD8300B6F605 /* en */,
			);
			name = MainStoryboard.storyboard;
			sourceTree = "<group>";
		};
/* End PBXVariantGroup section */

/* Begin XCBuildConfiguration section */
		EB43919F157818DE00DE8E91 /* Debug */ = {
			isa = XCBuildConfiguration;
			buildSettings = {
				ALWAYS_SEARCH_USER_PATHS = NO;
				CLANG_ENABLE_OBJC_ARC = YES;
				CLANG_WARN_BOOL_CONVERSION = YES;
				CLANG_WARN_CONSTANT_CONVERSION = YES;
				CLANG_WARN_EMPTY_BODY = YES;
				CLANG_WARN_ENUM_CONVERSION = YES;
				CLANG_WARN_INT_CONVERSION = YES;
				CLANG_WARN__DUPLICATE_METHOD_MATCH = YES;
				"CODE_SIGN_IDENTITY[sdk=iphoneos*]" = "iPhone Developer";
				COPY_PHASE_STRIP = NO;
				GCC_C_LANGUAGE_STANDARD = gnu99;
				GCC_DYNAMIC_NO_PIC = NO;
				GCC_OPTIMIZATION_LEVEL = 0;
				GCC_PREPROCESSOR_DEFINITIONS = (
					"DEBUG=1",
					"$(inherited)",
				);
				GCC_SYMBOLS_PRIVATE_EXTERN = NO;
				GCC_VERSION = com.apple.compilers.llvm.clang.1_0;
				GCC_WARN_64_TO_32_BIT_CONVERSION = YES;
				GCC_WARN_ABOUT_RETURN_TYPE = YES;
				GCC_WARN_UNDECLARED_SELECTOR = YES;
				GCC_WARN_UNINITIALIZED_AUTOS = YES;
				GCC_WARN_UNUSED_FUNCTION = YES;
				GCC_WARN_UNUSED_VARIABLE = YES;
				IPHONEOS_DEPLOYMENT_TARGET = 7.0;
				ONLY_ACTIVE_ARCH = YES;
				SDKROOT = iphoneos;
			};
			name = Debug;
		};
		EB4391A0157818DE00DE8E91 /* Release */ = {
			isa = XCBuildConfiguration;
			buildSettings = {
				ALWAYS_SEARCH_USER_PATHS = NO;
				CLANG_ENABLE_OBJC_ARC = YES;
				CLANG_WARN_BOOL_CONVERSION = YES;
				CLANG_WARN_CONSTANT_CONVERSION = YES;
				CLANG_WARN_EMPTY_BODY = YES;
				CLANG_WARN_ENUM_CONVERSION = YES;
				CLANG_WARN_INT_CONVERSION = YES;
				CLANG_WARN__DUPLICATE_METHOD_MATCH = YES;
				"CODE_SIGN_IDENTITY[sdk=iphoneos*]" = "iPhone Developer";
				COPY_PHASE_STRIP = YES;
				GCC_C_LANGUAGE_STANDARD = gnu99;
				GCC_VERSION = com.apple.compilers.llvm.clang.1_0;
				GCC_WARN_64_TO_32_BIT_CONVERSION = YES;
				GCC_WARN_ABOUT_RETURN_TYPE = YES;
				GCC_WARN_UNDECLARED_SELECTOR = YES;
				GCC_WARN_UNINITIALIZED_AUTOS = YES;
				GCC_WARN_UNUSED_FUNCTION = YES;
				GCC_WARN_UNUSED_VARIABLE = YES;
				IPHONEOS_DEPLOYMENT_TARGET = 7.0;
				OTHER_CFLAGS = "-DNS_BLOCK_ASSERTIONS=1";
				SDKROOT = iphoneos;
				VALIDATE_PRODUCT = YES;
			};
			name = Release;
		};
		EB4391A2157818DE00DE8E91 /* Debug */ = {
			isa = XCBuildConfiguration;
			buildSettings = {
				ASSETCATALOG_COMPILER_APPICON_NAME = AppIcon;
				ASSETCATALOG_COMPILER_LAUNCHIMAGE_NAME = LaunchImage;
				CODE_SIGN_ENTITLEMENTS = SocApp/SocApp.entitlements;
				CODE_SIGN_IDENTITY = "iPhone Developer";
				"CODE_SIGN_IDENTITY[sdk=iphoneos*]" = "iPhone Developer";
				FRAMEWORK_SEARCH_PATHS = "\"$(SRCROOT)/\" ";
				GCC_PRECOMPILE_PREFIX_HEADER = YES;
				GCC_PREFIX_HEADER = "SocApp/SocApp-Prefix.pch";
				INFOPLIST_FILE = "SocApp/SocApp-Info.plist";
				PRODUCT_NAME = SocApp;
				PROVISIONING_PROFILE = "";
				TARGETED_DEVICE_FAMILY = 1;
				WRAPPER_EXTENSION = app;
			};
			name = Debug;
		};
		EB4391A3157818DE00DE8E91 /* Release */ = {
			isa = XCBuildConfiguration;
			buildSettings = {
				ASSETCATALOG_COMPILER_APPICON_NAME = AppIcon;
				ASSETCATALOG_COMPILER_LAUNCHIMAGE_NAME = LaunchImage;
				CODE_SIGN_ENTITLEMENTS = SocApp/SocApp.entitlements;
				CODE_SIGN_IDENTITY = "iPhone Developer";
				"CODE_SIGN_IDENTITY[sdk=iphoneos*]" = "iPhone Developer";
				FRAMEWORK_SEARCH_PATHS = "\"$(SRCROOT)/\" ";
				GCC_PRECOMPILE_PREFIX_HEADER = YES;
				GCC_PREFIX_HEADER = "SocApp/SocApp-Prefix.pch";
				INFOPLIST_FILE = "SocApp/SocApp-Info.plist";
				PRODUCT_NAME = SocApp;
				PROVISIONING_PROFILE = "";
				TARGETED_DEVICE_FAMILY = 1;
				WRAPPER_EXTENSION = app;
			};
			name = Release;
		};
/* End XCBuildConfiguration section */

/* Begin XCConfigurationList section */
		EB43917D157818DE00DE8E91 /* Build configuration list for PBXProject "SocApp" */ = {
			isa = XCConfigurationList;
			buildConfigurations = (
				EB43919F157818DE00DE8E91 /* Debug */,
				EB4391A0157818DE00DE8E91 /* Release */,
			);
			defaultConfigurationIsVisible = 0;
			defaultConfigurationName = Release;
		};
		EB4391A1157818DE00DE8E91 /* Build configuration list for PBXNativeTarget "SocApp" */ = {
			isa = XCConfigurationList;
			buildConfigurations = (
				EB4391A2157818DE00DE8E91 /* Debug */,
				EB4391A3157818DE00DE8E91 /* Release */,
			);
			defaultConfigurationIsVisible = 0;
			defaultConfigurationName = Release;
		};
/* End XCConfigurationList section */
	};
	rootObject = EB43917A157818DE00DE8E91 /* Project object */;
}
